
Microsoft Visual Studio Solution File, Format Version 12.00
# Visual Studio Version 17
VisualStudioVersion = 17.11.35327.3
MinimumVisualStudioVersion = 10.0.40219.1
Project("{FAE04EC0-301F-11D3-BF4B-00C04F79EFBC}") = "SG_Barcode", "SG_Barcode\SG_Barcode.csproj", "{4F9539E8-EB4C-4F91-A5F2-0E489E910A74}"
EndProject
Global
	GlobalSection(SolutionConfigurationPlatforms) = preSolution
		Debug|Any CPU = Debug|Any CPU
		Release|Any CPU = Release|Any CPU
	EndGlobalSection
	GlobalSection(ProjectConfigurationPlatforms) = postSolution
		{4F9539E8-EB4C-4F91-A5F2-0E489E910A74}.Debug|Any CPU.ActiveCfg = Debug|Any CPU
		{4F9539E8-EB4C-4F91-A5F2-0E489E910A74}.Debug|Any CPU.Build.0 = Debug|Any CPU
		{4F9539E8-EB4C-4F91-A5F2-0E489E910A74}.Release|Any CPU.ActiveCfg = Release|Any CPU
		{4F9539E8-EB4C-4F91-A5F2-0E489E910A74}.Release|Any CPU.Build.0 = Release|Any CPU
	EndGlobalSection
	GlobalSection(SolutionProperties) = preSolution
		HideSolutionNode = FALSE
	EndGlobalSection
	GlobalSection(ExtensibilityGlobals) = postSolution
		SolutionGuid = {4A83855F-DA35-413C-B136-174FA9C41162}
	EndGlobalSection
EndGlobal
